// !$*UTF8*$!
{
	archiveVersion = 1;
	classes = {
	};
	objectVersion = 55;
	objects = {

/* Begin PBXBuildFile section */
		436ADBEB2874B7CE00D90062 /* AppDelegate.swift in Sources */ = {isa = PBXBuildFile; fileRef = 436ADBEA2874B7CE00D90062 /* AppDelegate.swift */; };
		436ADBED2874B7CE00D90062 /* SceneDelegate.swift in Sources */ = {isa = PBXBuildFile; fileRef = 436ADBEC2874B7CE00D90062 /* SceneDelegate.swift */; };
		436ADBF22874B7CE00D90062 /* Main.storyboard in Resources */ = {isa = PBXBuildFile; fileRef = 436ADBF02874B7CE00D90062 /* Main.storyboard */; };
		436ADBF42874B7CF00D90062 /* Assets.xcassets in Resources */ = {isa = PBXBuildFile; fileRef = 436ADBF32874B7CF00D90062 /* Assets.xcassets */; };
		436ADBF72874B7CF00D90062 /* LaunchScreen.storyboard in Resources */ = {isa = PBXBuildFile; fileRef = 436ADBF52874B7CF00D90062 /* LaunchScreen.storyboard */; };
		436ADBFF2874B80D00D90062 /* AuthorizationViewController.swift in Sources */ = {isa = PBXBuildFile; fileRef = 436ADBFE2874B80D00D90062 /* AuthorizationViewController.swift */; };
		436ADC012874B83D00D90062 /* TimeTableViewController.swift in Sources */ = {isa = PBXBuildFile; fileRef = 436ADC002874B83D00D90062 /* TimeTableViewController.swift */; };
		436ADC032874B8D700D90062 /* StudyViewController.swift in Sources */ = {isa = PBXBuildFile; fileRef = 436ADC022874B8D700D90062 /* StudyViewController.swift */; };
		436ADC052874B90500D90062 /* ActivitiesViewController.swift in Sources */ = {isa = PBXBuildFile; fileRef = 436ADC042874B90500D90062 /* ActivitiesViewController.swift */; };
		436ADC072874B91A00D90062 /* HelpViewController.swift in Sources */ = {isa = PBXBuildFile; fileRef = 436ADC062874B91A00D90062 /* HelpViewController.swift */; };
		436ADC092874B93900D90062 /* SettingsViewController.swift in Sources */ = {isa = PBXBuildFile; fileRef = 436ADC082874B93900D90062 /* SettingsViewController.swift */; };
		43E2C7F128758E34003FED52 /* TabBarViewController.swift in Sources */ = {isa = PBXBuildFile; fileRef = 43E2C7F028758E34003FED52 /* TabBarViewController.swift */; };
/* End PBXBuildFile section */

/* Begin PBXFileReference section */
		436ADBE72874B7CE00D90062 /* ITISHelper.app */ = {isa = PBXFileReference; explicitFileType = wrapper.application; includeInIndex = 0; path = ITISHelper.app; sourceTree = BUILT_PRODUCTS_DIR; };
		436ADBEA2874B7CE00D90062 /* AppDelegate.swift */ = {isa = PBXFileReference; lastKnownFileType = sourcecode.swift; path = AppDelegate.swift; sourceTree = "<group>"; };
		436ADBEC2874B7CE00D90062 /* SceneDelegate.swift */ = {isa = PBXFileReference; lastKnownFileType = sourcecode.swift; path = SceneDelegate.swift; sourceTree = "<group>"; };
		436ADBF12874B7CE00D90062 /* Base */ = {isa = PBXFileReference; lastKnownFileType = file.storyboard; name = Base; path = Base.lproj/Main.storyboard; sourceTree = "<group>"; };
		436ADBF32874B7CF00D90062 /* Assets.xcassets */ = {isa = PBXFileReference; lastKnownFileType = folder.assetcatalog; path = Assets.xcassets; sourceTree = "<group>"; };
		436ADBF62874B7CF00D90062 /* Base */ = {isa = PBXFileReference; lastKnownFileType = file.storyboard; name = Base; path = Base.lproj/LaunchScreen.storyboard; sourceTree = "<group>"; };
		436ADBF82874B7CF00D90062 /* Info.plist */ = {isa = PBXFileReference; lastKnownFileType = text.plist.xml; path = Info.plist; sourceTree = "<group>"; };
		436ADBFE2874B80D00D90062 /* AuthorizationViewController.swift */ = {isa = PBXFileReference; lastKnownFileType = sourcecode.swift; path = AuthorizationViewController.swift; sourceTree = "<group>"; };
		436ADC002874B83D00D90062 /* TimeTableViewController.swift */ = {isa = PBXFileReference; lastKnownFileType = sourcecode.swift; path = TimeTableViewController.swift; sourceTree = "<group>"; };
		436ADC022874B8D700D90062 /* StudyViewController.swift */ = {isa = PBXFileReference; lastKnownFileType = sourcecode.swift; path = StudyViewController.swift; sourceTree = "<group>"; };
		436ADC042874B90500D90062 /* ActivitiesViewController.swift */ = {isa = PBXFileReference; lastKnownFileType = sourcecode.swift; path = ActivitiesViewController.swift; sourceTree = "<group>"; };
		436ADC062874B91A00D90062 /* HelpViewController.swift */ = {isa = PBXFileReference; lastKnownFileType = sourcecode.swift; path = HelpViewController.swift; sourceTree = "<group>"; };
		436ADC082874B93900D90062 /* SettingsViewController.swift */ = {isa = PBXFileReference; lastKnownFileType = sourcecode.swift; path = SettingsViewController.swift; sourceTree = "<group>"; };
		43E2C7F028758E34003FED52 /* TabBarViewController.swift */ = {isa = PBXFileReference; lastKnownFileType = sourcecode.swift; path = TabBarViewController.swift; sourceTree = "<group>"; };
/* End PBXFileReference section */

/* Begin PBXFrameworksBuildPhase section */
		436ADBE42874B7CE00D90062 /* Frameworks */ = {
			isa = PBXFrameworksBuildPhase;
			buildActionMask = 2147483647;
			files = (
			);
			runOnlyForDeploymentPostprocessing = 0;
		};
/* End PBXFrameworksBuildPhase section */

/* Begin PBXGroup section */
		436ADBDE2874B7CE00D90062 = {
			isa = PBXGroup;
			children = (
				436ADBE92874B7CE00D90062 /* ITISHelper */,
				436ADBE82874B7CE00D90062 /* Products */,
			);
			sourceTree = "<group>";
		};
		436ADBE82874B7CE00D90062 /* Products */ = {
			isa = PBXGroup;
			children = (
				436ADBE72874B7CE00D90062 /* ITISHelper.app */,
			);
			name = Products;
			sourceTree = "<group>";
		};
		436ADBE92874B7CE00D90062 /* ITISHelper */ = {
			isa = PBXGroup;
			children = (
				436ADBFE2874B80D00D90062 /* AuthorizationViewController.swift */,
				436ADC002874B83D00D90062 /* TimeTableViewController.swift */,
				436ADC022874B8D700D90062 /* StudyViewController.swift */,
				436ADC042874B90500D90062 /* ActivitiesViewController.swift */,
				436ADC062874B91A00D90062 /* HelpViewController.swift */,
				436ADC082874B93900D90062 /* SettingsViewController.swift */,
				436ADBF02874B7CE00D90062 /* Main.storyboard */,
				436ADBF32874B7CF00D90062 /* Assets.xcassets */,
				436ADBF52874B7CF00D90062 /* LaunchScreen.storyboard */,
				436ADBEA2874B7CE00D90062 /* AppDelegate.swift */,
				436ADBEC2874B7CE00D90062 /* SceneDelegate.swift */,
				436ADBF82874B7CF00D90062 /* Info.plist */,
				43E2C7F028758E34003FED52 /* TabBarViewController.swift */,
			);
			path = ITISHelper;
			sourceTree = "<group>";
		};
/* End PBXGroup section */

/* Begin PBXNativeTarget section */
		436ADBE62874B7CE00D90062 /* ITISHelper */ = {
			isa = PBXNativeTarget;
			buildConfigurationList = 436ADBFB2874B7CF00D90062 /* Build configuration list for PBXNativeTarget "ITISHelper" */;
			buildPhases = (
				436ADBE32874B7CE00D90062 /* Sources */,
				436ADBE42874B7CE00D90062 /* Frameworks */,
				436ADBE52874B7CE00D90062 /* Resources */,
			);
			buildRules = (
			);
			dependencies = (
			);
			name = ITISHelper;
			productName = ITISHelper;
			productReference = 436ADBE72874B7CE00D90062 /* ITISHelper.app */;
			productType = "com.apple.product-type.application";
		};
/* End PBXNativeTarget section */

/* Begin PBXProject section */
		436ADBDF2874B7CE00D90062 /* Project object */ = {
			isa = PBXProject;
			attributes = {
				BuildIndependentTargetsInParallel = 1;
				LastSwiftUpdateCheck = 1340;
				LastUpgradeCheck = 1340;
				TargetAttributes = {
					436ADBE62874B7CE00D90062 = {
						CreatedOnToolsVersion = 13.4.1;
					};
				};
			};
			buildConfigurationList = 436ADBE22874B7CE00D90062 /* Build configuration list for PBXProject "ITISHelper" */;
			compatibilityVersion = "Xcode 13.0";
			developmentRegion = en;
			hasScannedForEncodings = 0;
			knownRegions = (
				en,
				Base,
			);
			mainGroup = 436ADBDE2874B7CE00D90062;
			productRefGroup = 436ADBE82874B7CE00D90062 /* Products */;
			projectDirPath = "";
			projectRoot = "";
			targets = (
				436ADBE62874B7CE00D90062 /* ITISHelper */,
			);
		};
/* End PBXProject section */

/* Begin PBXResourcesBuildPhase section */
		436ADBE52874B7CE00D90062 /* Resources */ = {
			isa = PBXResourcesBuildPhase;
			buildActionMask = 2147483647;
			files = (
				436ADBF72874B7CF00D90062 /* LaunchScreen.storyboard in Resources */,
				436ADBF42874B7CF00D90062 /* Assets.xcassets in Resources */,
				436ADBF22874B7CE00D90062 /* Main.storyboard in Resources */,
			);
			runOnlyForDeploymentPostprocessing = 0;
		};
/* End PBXResourcesBuildPhase section */

/* Begin PBXSourcesBuildPhase section */
		436ADBE32874B7CE00D90062 /* Sources */ = {
			isa = PBXSourcesBuildPhase;
			buildActionMask = 2147483647;
			files = (
				436ADC072874B91A00D90062 /* HelpViewController.swift in Sources */,
				436ADC032874B8D700D90062 /* StudyViewController.swift in Sources */,
				436ADC052874B90500D90062 /* ActivitiesViewController.swift in Sources */,
				436ADBFF2874B80D00D90062 /* AuthorizationViewController.swift in Sources */,
				43E2C7F128758E34003FED52 /* TabBarViewController.swift in Sources */,
				436ADBEB2874B7CE00D90062 /* AppDelegate.swift in Sources */,
				436ADC012874B83D00D90062 /* TimeTableViewController.swift in Sources */,
				436ADBED2874B7CE00D90062 /* SceneDelegate.swift in Sources */,
				436ADC092874B93900D90062 /* SettingsViewController.swift in Sources */,
			);
			runOnlyForDeploymentPostprocessing = 0;
		};
/* End PBXSourcesBuildPhase section */

/* Begin PBXVariantGroup section */
		436ADBF02874B7CE00D90062 /* Main.storyboard */ = {
			isa = PBXVariantGroup;
			children = (
				436ADBF12874B7CE00D90062 /* Base */,
			);
			name = Main.storyboard;
			sourceTree = "<group>";
		};
		436ADBF52874B7CF00D90062 /* LaunchScreen.storyboard */ = {
			isa = PBXVariantGroup;
			children = (
				436ADBF62874B7CF00D90062 /* Base */,
			);
			name = LaunchScreen.storyboard;
			sourceTree = "<group>";
		};
/* End PBXVariantGroup section */

/* Begin XCBuildConfiguration section */
		436ADBF92874B7CF00D90062 /* Debug */ = {
			isa = XCBuildConfiguration;
			buildSettings = {
				ALWAYS_SEARCH_USER_PATHS = NO;
				CLANG_ANALYZER_NONNULL = YES;
				CLANG_ANALYZER_NUMBER_OBJECT_CONVERSION = YES_AGGRESSIVE;
				CLANG_CXX_LANGUAGE_STANDARD = "gnu++17";
				CLANG_ENABLE_MODULES = YES;
				CLANG_ENABLE_OBJC_ARC = YES;
				CLANG_ENABLE_OBJC_WEAK = YES;
				CLANG_WARN_BLOCK_CAPTURE_AUTORELEASING = YES;
				CLANG_WARN_BOOL_CONVERSION = YES;
				CLANG_WARN_COMMA = YES;
				CLANG_WARN_CONSTANT_CONVERSION = YES;
				CLANG_WARN_DEPRECATED_OBJC_IMPLEMENTATIONS = YES;
				CLANG_WARN_DIRECT_OBJC_ISA_USAGE = YES_ERROR;
				CLANG_WARN_DOCUMENTATION_COMMENTS = YES;
				CLANG_WARN_EMPTY_BODY = YES;
				CLANG_WARN_ENUM_CONVERSION = YES;
				CLANG_WARN_INFINITE_RECURSION = YES;
				CLANG_WARN_INT_CONVERSION = YES;
				CLANG_WARN_NON_LITERAL_NULL_CONVERSION = YES;
				CLANG_WARN_OBJC_IMPLICIT_RETAIN_SELF = YES;
				CLANG_WARN_OBJC_LITERAL_CONVERSION = YES;
				CLANG_WARN_OBJC_ROOT_CLASS = YES_ERROR;
				CLANG_WARN_QUOTED_INCLUDE_IN_FRAMEWORK_HEADER = YES;
				CLANG_WARN_RANGE_LOOP_ANALYSIS = YES;
				CLANG_WARN_STRICT_PROTOTYPES = YES;
				CLANG_WARN_SUSPICIOUS_MOVE = YES;
				CLANG_WARN_UNGUARDED_AVAILABILITY = YES_AGGRESSIVE;
				CLANG_WARN_UNREACHABLE_CODE = YES;
				CLANG_WARN__DUPLICATE_METHOD_MATCH = YES;
				COPY_PHASE_STRIP = NO;
				DEBUG_INFORMATION_FORMAT = dwarf;
				ENABLE_STRICT_OBJC_MSGSEND = YES;
				ENABLE_TESTABILITY = YES;
				GCC_C_LANGUAGE_STANDARD = gnu11;
				GCC_DYNAMIC_NO_PIC = NO;
				GCC_NO_COMMON_BLOCKS = YES;
				GCC_OPTIMIZATION_LEVEL = 0;
				GCC_PREPROCESSOR_DEFINITIONS = (
					"DEBUG=1",
					"$(inherited)",
				);
				GCC_WARN_64_TO_32_BIT_CONVERSION = YES;
				GCC_WARN_ABOUT_RETURN_TYPE = YES_ERROR;
				GCC_WARN_UNDECLARED_SELECTOR = YES;
				GCC_WARN_UNINITIALIZED_AUTOS = YES_AGGRESSIVE;
				GCC_WARN_UNUSED_FUNCTION = YES;
				GCC_WARN_UNUSED_VARIABLE = YES;
				IPHONEOS_DEPLOYMENT_TARGET = 15.5;
				MTL_ENABLE_DEBUG_INFO = INCLUDE_SOURCE;
				MTL_FAST_MATH = YES;
				ONLY_ACTIVE_ARCH = YES;
				SDKROOT = iphoneos;
				SWIFT_ACTIVE_COMPILATION_CONDITIONS = DEBUG;
				SWIFT_OPTIMIZATION_LEVEL = "-Onone";
			};
			name = Debug;
		};
		436ADBFA2874B7CF00D90062 /* Release */ = {
			isa = XCBuildConfiguration;
			buildSettings = {
				ALWAYS_SEARCH_USER_PATHS = NO;
				CLANG_ANALYZER_NONNULL = YES;
				CLANG_ANALYZER_NUMBER_OBJECT_CONVERSION = YES_AGGRESSIVE;
				CLANG_CXX_LANGUAGE_STANDARD = "gnu++17";
				CLANG_ENABLE_MODULES = YES;
				CLANG_ENABLE_OBJC_ARC = YES;
				CLANG_ENABLE_OBJC_WEAK = YES;
				CLANG_WARN_BLOCK_CAPTURE_AUTORELEASING = YES;
				CLANG_WARN_BOOL_CONVERSION = YES;
				CLANG_WARN_COMMA = YES;
				CLANG_WARN_CONSTANT_CONVERSION = YES;
				CLANG_WARN_DEPRECATED_OBJC_IMPLEMENTATIONS = YES;
				CLANG_WARN_DIRECT_OBJC_ISA_USAGE = YES_ERROR;
				CLANG_WARN_DOCUMENTATION_COMMENTS = YES;
				CLANG_WARN_EMPTY_BODY = YES;
				CLANG_WARN_ENUM_CONVERSION = YES;
				CLANG_WARN_INFINITE_RECURSION = YES;
				CLANG_WARN_INT_CONVERSION = YES;
				CLANG_WARN_NON_LITERAL_NULL_CONVERSION = YES;
				CLANG_WARN_OBJC_IMPLICIT_RETAIN_SELF = YES;
				CLANG_WARN_OBJC_LITERAL_CONVERSION = YES;
				CLANG_WARN_OBJC_ROOT_CLASS = YES_ERROR;
				CLANG_WARN_QUOTED_INCLUDE_IN_FRAMEWORK_HEADER = YES;
				CLANG_WARN_RANGE_LOOP_ANALYSIS = YES;
				CLANG_WARN_STRICT_PROTOTYPES = YES;
				CLANG_WARN_SUSPICIOUS_MOVE = YES;
				CLANG_WARN_UNGUARDED_AVAILABILITY = YES_AGGRESSIVE;
				CLANG_WARN_UNREACHABLE_CODE = YES;
				CLANG_WARN__DUPLICATE_METHOD_MATCH = YES;
				COPY_PHASE_STRIP = NO;
				DEBUG_INFORMATION_FORMAT = "dwarf-with-dsym";
				ENABLE_NS_ASSERTIONS = NO;
				ENABLE_STRICT_OBJC_MSGSEND = YES;
				GCC_C_LANGUAGE_STANDARD = gnu11;
				GCC_NO_COMMON_BLOCKS = YES;
				GCC_WARN_64_TO_32_BIT_CONVERSION = YES;
				GCC_WARN_ABOUT_RETURN_TYPE = YES_ERROR;
				GCC_WARN_UNDECLARED_SELECTOR = YES;
				GCC_WARN_UNINITIALIZED_AUTOS = YES_AGGRESSIVE;
				GCC_WARN_UNUSED_FUNCTION = YES;
				GCC_WARN_UNUSED_VARIABLE = YES;
				IPHONEOS_DEPLOYMENT_TARGET = 15.5;
				MTL_ENABLE_DEBUG_INFO = NO;
				MTL_FAST_MATH = YES;
				SDKROOT = iphoneos;
				SWIFT_COMPILATION_MODE = wholemodule;
				SWIFT_OPTIMIZATION_LEVEL = "-O";
				VALIDATE_PRODUCT = YES;
			};
			name = Release;
		};
		436ADBFC2874B7CF00D90062 /* Debug */ = {
			isa = XCBuildConfiguration;
			buildSettings = {
				ASSETCATALOG_COMPILER_APPICON_NAME = AppIcon;
				ASSETCATALOG_COMPILER_GLOBAL_ACCENT_COLOR_NAME = AccentColor;
				CODE_SIGN_STYLE = Automatic;
				CURRENT_PROJECT_VERSION = 1;
				GENERATE_INFOPLIST_FILE = YES;
				INFOPLIST_FILE = ITISHelper/Info.plist;
				INFOPLIST_KEY_UIApplicationSupportsIndirectInputEvents = YES;
				INFOPLIST_KEY_UILaunchStoryboardName = LaunchScreen;
				INFOPLIST_KEY_UIMainStoryboardFile = Main;
				INFOPLIST_KEY_UISupportedInterfaceOrientations_iPad = "UIInterfaceOrientationPortrait UIInterfaceOrientationPortraitUpsideDown UIInterfaceOrientationLandscapeLeft UIInterfaceOrientationLandscapeRight";
				INFOPLIST_KEY_UISupportedInterfaceOrientations_iPhone = "UIInterfaceOrientationPortrait UIInterfaceOrientationLandscapeLeft UIInterfaceOrientationLandscapeRight";
				IPHONEOS_DEPLOYMENT_TARGET = 13.0;
				LD_RUNPATH_SEARCH_PATHS = (
					"$(inherited)",
					"@executable_path/Frameworks",
				);
				MARKETING_VERSION = 1.0;
				PRODUCT_BUNDLE_IDENTIFIER = com.zedsfeat.ITISHelper;
				PRODUCT_NAME = "$(TARGET_NAME)";
				SWIFT_EMIT_LOC_STRINGS = YES;
				SWIFT_VERSION = 5.0;
				TARGETED_DEVICE_FAMILY = "1,2";
			};
			name = Debug;
		};
		436ADBFD2874B7CF00D90062 /* Release */ = {
			isa = XCBuildConfiguration;
			buildSettings = {
				ASSETCATALOG_COMPILER_APPICON_NAME = AppIcon;
				ASSETCATALOG_COMPILER_GLOBAL_ACCENT_COLOR_NAME = AccentColor;
				CODE_SIGN_STYLE = Automatic;
				CURRENT_PROJECT_VERSION = 1;
				GENERATE_INFOPLIST_FILE = YES;
				INFOPLIST_FILE = ITISHelper/Info.plist;
				INFOPLIST_KEY_UIApplicationSupportsIndirectInputEvents = YES;
				INFOPLIST_KEY_UILaunchStoryboardName = LaunchScreen;
				INFOPLIST_KEY_UIMainStoryboardFile = Main;
				INFOPLIST_KEY_UISupportedInterfaceOrientations_iPad = "UIInterfaceOrientationPortrait UIInterfaceOrientationPortraitUpsideDown UIInterfaceOrientationLandscapeLeft UIInterfaceOrientationLandscapeRight";
				INFOPLIST_KEY_UISupportedInterfaceOrientations_iPhone = "UIInterfaceOrientationPortrait UIInterfaceOrientationLandscapeLeft UIInterfaceOrientationLandscapeRight";
				IPHONEOS_DEPLOYMENT_TARGET = 13.0;
				LD_RUNPATH_SEARCH_PATHS = (
					"$(inherited)",
					"@executable_path/Frameworks",
				);
				MARKETING_VERSION = 1.0;
				PRODUCT_BUNDLE_IDENTIFIER = com.zedsfeat.ITISHelper;
				PRODUCT_NAME = "$(TARGET_NAME)";
				SWIFT_EMIT_LOC_STRINGS = YES;
				SWIFT_VERSION = 5.0;
				TARGETED_DEVICE_FAMILY = "1,2";
			};
			name = Release;
		};
/* End XCBuildConfiguration section */

/* Begin XCConfigurationList section */
		436ADBE22874B7CE00D90062 /* Build configuration list for PBXProject "ITISHelper" */ = {
			isa = XCConfigurationList;
			buildConfigurations = (
				436ADBF92874B7CF00D90062 /* Debug */,
				436ADBFA2874B7CF00D90062 /* Release */,
			);
			defaultConfigurationIsVisible = 0;
			defaultConfigurationName = Release;
		};
		436ADBFB2874B7CF00D90062 /* Build configuration list for PBXNativeTarget "ITISHelper" */ = {
			isa = XCConfigurationList;
			buildConfigurations = (
				436ADBFC2874B7CF00D90062 /* Debug */,
				436ADBFD2874B7CF00D90062 /* Release */,
			);
			defaultConfigurationIsVisible = 0;
			defaultConfigurationName = Release;
		};
/* End XCConfigurationList section */
	};
	rootObject = 436ADBDF2874B7CE00D90062 /* Project object */;
}
