// !$*UTF8*$!
{
	archiveVersion = 1;
	classes = {
	};
	objectVersion = 55;
	objects = {

/* Begin PBXBuildFile section */
		432D073A287ACDA900A5C898 /* MySubjectsTableViewCell.swift in Sources */ = {isa = PBXBuildFile; fileRef = 432D0739287ACDA900A5C898 /* MySubjectsTableViewCell.swift */; };
		432D073C287ACE0500A5C898 /* MySubjects.swift in Sources */ = {isa = PBXBuildFile; fileRef = 432D073B287ACE0500A5C898 /* MySubjects.swift */; };
		432D073E287ACE2B00A5C898 /* ModelMySubjects.swift in Sources */ = {isa = PBXBuildFile; fileRef = 432D073D287ACE2B00A5C898 /* ModelMySubjects.swift */; };
		432D0747287AF4D800A5C898 /* Help.swift in Sources */ = {isa = PBXBuildFile; fileRef = 432D0746287AF4D800A5C898 /* Help.swift */; };
		432D0749287AF4F300A5C898 /* ModelHelp.swift in Sources */ = {isa = PBXBuildFile; fileRef = 432D0748287AF4F300A5C898 /* ModelHelp.swift */; };
		432D074B287AF58700A5C898 /* MyGroupViewController.swift in Sources */ = {isa = PBXBuildFile; fileRef = 432D074A287AF58700A5C898 /* MyGroupViewController.swift */; };
		432D074D287AF59700A5C898 /* LeadersViewController.swift in Sources */ = {isa = PBXBuildFile; fileRef = 432D074C287AF59700A5C898 /* LeadersViewController.swift */; };
		432D0755287AFA1500A5C898 /* MyGroupTableViewCell.swift in Sources */ = {isa = PBXBuildFile; fileRef = 432D0754287AFA1500A5C898 /* MyGroupTableViewCell.swift */; };
		432D0758287AFA3300A5C898 /* LeadersTableViewCell.swift in Sources */ = {isa = PBXBuildFile; fileRef = 432D0757287AFA3300A5C898 /* LeadersTableViewCell.swift */; };
		432D075D287B2BED00A5C898 /* RatingViewController.swift in Sources */ = {isa = PBXBuildFile; fileRef = 432D075C287B2BED00A5C898 /* RatingViewController.swift */; };
		432D075F287B2E6E00A5C898 /* ItisRequestViewController.swift in Sources */ = {isa = PBXBuildFile; fileRef = 432D075E287B2E6E00A5C898 /* ItisRequestViewController.swift */; };
		432D076B287B35ED00A5C898 /* RatingTableViewCell.swift in Sources */ = {isa = PBXBuildFile; fileRef = 432D076A287B35ED00A5C898 /* RatingTableViewCell.swift */; };
		432D076D287B3BB300A5C898 /* Rating.swift in Sources */ = {isa = PBXBuildFile; fileRef = 432D076C287B3BB300A5C898 /* Rating.swift */; };
		432D076F287B3BD100A5C898 /* ModelRating.swift in Sources */ = {isa = PBXBuildFile; fileRef = 432D076E287B3BD100A5C898 /* ModelRating.swift */; };
		436ADBEB2874B7CE00D90062 /* AppDelegate.swift in Sources */ = {isa = PBXBuildFile; fileRef = 436ADBEA2874B7CE00D90062 /* AppDelegate.swift */; };
		436ADBED2874B7CE00D90062 /* SceneDelegate.swift in Sources */ = {isa = PBXBuildFile; fileRef = 436ADBEC2874B7CE00D90062 /* SceneDelegate.swift */; };
		436ADBF22874B7CE00D90062 /* Main.storyboard in Resources */ = {isa = PBXBuildFile; fileRef = 436ADBF02874B7CE00D90062 /* Main.storyboard */; };
		436ADBF42874B7CF00D90062 /* Assets.xcassets in Resources */ = {isa = PBXBuildFile; fileRef = 436ADBF32874B7CF00D90062 /* Assets.xcassets */; };
		436ADBF72874B7CF00D90062 /* LaunchScreen.storyboard in Resources */ = {isa = PBXBuildFile; fileRef = 436ADBF52874B7CF00D90062 /* LaunchScreen.storyboard */; };
		436ADBFF2874B80D00D90062 /* AuthorizationViewController.swift in Sources */ = {isa = PBXBuildFile; fileRef = 436ADBFE2874B80D00D90062 /* AuthorizationViewController.swift */; };
		436ADC012874B83D00D90062 /* TimeTableViewController.swift in Sources */ = {isa = PBXBuildFile; fileRef = 436ADC002874B83D00D90062 /* TimeTableViewController.swift */; };
		436ADC032874B8D700D90062 /* StudyViewController.swift in Sources */ = {isa = PBXBuildFile; fileRef = 436ADC022874B8D700D90062 /* StudyViewController.swift */; };
		436ADC052874B90500D90062 /* ActivitiesViewController.swift in Sources */ = {isa = PBXBuildFile; fileRef = 436ADC042874B90500D90062 /* ActivitiesViewController.swift */; };
		436ADC072874B91A00D90062 /* HelpViewController.swift in Sources */ = {isa = PBXBuildFile; fileRef = 436ADC062874B91A00D90062 /* HelpViewController.swift */; };
		436ADC092874B93900D90062 /* SettingsViewController.swift in Sources */ = {isa = PBXBuildFile; fileRef = 436ADC082874B93900D90062 /* SettingsViewController.swift */; };
		438EE49D2878C79000F5C178 /* MySubjectsViewController.swift in Sources */ = {isa = PBXBuildFile; fileRef = 438EE49C2878C79000F5C178 /* MySubjectsViewController.swift */; };
		438EE49F287A181600F5C178 /* OnDayTableViewCell.swift in Sources */ = {isa = PBXBuildFile; fileRef = 438EE49E287A181600F5C178 /* OnDayTableViewCell.swift */; };
		438EE4B1287A2F9100F5C178 /* ModelTimeTable.swift in Sources */ = {isa = PBXBuildFile; fileRef = 438EE4B0287A2F9100F5C178 /* ModelTimeTable.swift */; };
		438EE4B3287A2FB800F5C178 /* TimeTable.swift in Sources */ = {isa = PBXBuildFile; fileRef = 438EE4B2287A2FB800F5C178 /* TimeTable.swift */; };
		439C5E1D287726D000E9A8CD /* WrongViewController.swift in Sources */ = {isa = PBXBuildFile; fileRef = 439C5E1C287726D000E9A8CD /* WrongViewController.swift */; };
		439C5E2128777CD700E9A8CD /* OnDayViewController.swift in Sources */ = {isa = PBXBuildFile; fileRef = 439C5E2028777CD700E9A8CD /* OnDayViewController.swift */; };
		439C5E2328777D4000E9A8CD /* OnWeekViewController.swift in Sources */ = {isa = PBXBuildFile; fileRef = 439C5E2228777D4000E9A8CD /* OnWeekViewController.swift */; };
		43E2C7F128758E34003FED52 /* TabBarViewController.swift in Sources */ = {isa = PBXBuildFile; fileRef = 43E2C7F028758E34003FED52 /* TabBarViewController.swift */; };
/* End PBXBuildFile section */

/* Begin PBXFileReference section */
		432D0739287ACDA900A5C898 /* MySubjectsTableViewCell.swift */ = {isa = PBXFileReference; lastKnownFileType = sourcecode.swift; path = MySubjectsTableViewCell.swift; sourceTree = "<group>"; };
		432D073B287ACE0500A5C898 /* MySubjects.swift */ = {isa = PBXFileReference; lastKnownFileType = sourcecode.swift; path = MySubjects.swift; sourceTree = "<group>"; };
		432D073D287ACE2B00A5C898 /* ModelMySubjects.swift */ = {isa = PBXFileReference; lastKnownFileType = sourcecode.swift; path = ModelMySubjects.swift; sourceTree = "<group>"; };
		432D0746287AF4D800A5C898 /* Help.swift */ = {isa = PBXFileReference; lastKnownFileType = sourcecode.swift; path = Help.swift; sourceTree = "<group>"; };
		432D0748287AF4F300A5C898 /* ModelHelp.swift */ = {isa = PBXFileReference; lastKnownFileType = sourcecode.swift; path = ModelHelp.swift; sourceTree = "<group>"; };
		432D074A287AF58700A5C898 /* MyGroupViewController.swift */ = {isa = PBXFileReference; lastKnownFileType = sourcecode.swift; path = MyGroupViewController.swift; sourceTree = "<group>"; };
		432D074C287AF59700A5C898 /* LeadersViewController.swift */ = {isa = PBXFileReference; lastKnownFileType = sourcecode.swift; path = LeadersViewController.swift; sourceTree = "<group>"; };
		432D0754287AFA1500A5C898 /* MyGroupTableViewCell.swift */ = {isa = PBXFileReference; lastKnownFileType = sourcecode.swift; path = MyGroupTableViewCell.swift; sourceTree = "<group>"; };
		432D0757287AFA3300A5C898 /* LeadersTableViewCell.swift */ = {isa = PBXFileReference; lastKnownFileType = sourcecode.swift; path = LeadersTableViewCell.swift; sourceTree = "<group>"; };
		432D075C287B2BED00A5C898 /* RatingViewController.swift */ = {isa = PBXFileReference; lastKnownFileType = sourcecode.swift; path = RatingViewController.swift; sourceTree = "<group>"; };
		432D075E287B2E6E00A5C898 /* ItisRequestViewController.swift */ = {isa = PBXFileReference; lastKnownFileType = sourcecode.swift; path = ItisRequestViewController.swift; sourceTree = "<group>"; };
		432D076A287B35ED00A5C898 /* RatingTableViewCell.swift */ = {isa = PBXFileReference; lastKnownFileType = sourcecode.swift; path = RatingTableViewCell.swift; sourceTree = "<group>"; };
		432D076C287B3BB300A5C898 /* Rating.swift */ = {isa = PBXFileReference; lastKnownFileType = sourcecode.swift; path = Rating.swift; sourceTree = "<group>"; };
		432D076E287B3BD100A5C898 /* ModelRating.swift */ = {isa = PBXFileReference; lastKnownFileType = sourcecode.swift; path = ModelRating.swift; sourceTree = "<group>"; };
		436ADBE72874B7CE00D90062 /* ITISHelper.app */ = {isa = PBXFileReference; explicitFileType = wrapper.application; includeInIndex = 0; path = ITISHelper.app; sourceTree = BUILT_PRODUCTS_DIR; };
		436ADBEA2874B7CE00D90062 /* AppDelegate.swift */ = {isa = PBXFileReference; lastKnownFileType = sourcecode.swift; path = AppDelegate.swift; sourceTree = "<group>"; };
		436ADBEC2874B7CE00D90062 /* SceneDelegate.swift */ = {isa = PBXFileReference; lastKnownFileType = sourcecode.swift; path = SceneDelegate.swift; sourceTree = "<group>"; };
		436ADBF12874B7CE00D90062 /* Base */ = {isa = PBXFileReference; lastKnownFileType = file.storyboard; name = Base; path = Base.lproj/Main.storyboard; sourceTree = "<group>"; };
		436ADBF32874B7CF00D90062 /* Assets.xcassets */ = {isa = PBXFileReference; lastKnownFileType = folder.assetcatalog; path = Assets.xcassets; sourceTree = "<group>"; };
		436ADBF62874B7CF00D90062 /* Base */ = {isa = PBXFileReference; lastKnownFileType = file.storyboard; name = Base; path = Base.lproj/LaunchScreen.storyboard; sourceTree = "<group>"; };
		436ADBF82874B7CF00D90062 /* Info.plist */ = {isa = PBXFileReference; lastKnownFileType = text.plist.xml; path = Info.plist; sourceTree = "<group>"; };
		436ADBFE2874B80D00D90062 /* AuthorizationViewController.swift */ = {isa = PBXFileReference; lastKnownFileType = sourcecode.swift; path = AuthorizationViewController.swift; sourceTree = "<group>"; };
		436ADC002874B83D00D90062 /* TimeTableViewController.swift */ = {isa = PBXFileReference; lastKnownFileType = sourcecode.swift; path = TimeTableViewController.swift; sourceTree = "<group>"; };
		436ADC022874B8D700D90062 /* StudyViewController.swift */ = {isa = PBXFileReference; lastKnownFileType = sourcecode.swift; path = StudyViewController.swift; sourceTree = "<group>"; };
		436ADC042874B90500D90062 /* ActivitiesViewController.swift */ = {isa = PBXFileReference; lastKnownFileType = sourcecode.swift; path = ActivitiesViewController.swift; sourceTree = "<group>"; };
		436ADC062874B91A00D90062 /* HelpViewController.swift */ = {isa = PBXFileReference; lastKnownFileType = sourcecode.swift; path = HelpViewController.swift; sourceTree = "<group>"; };
		436ADC082874B93900D90062 /* SettingsViewController.swift */ = {isa = PBXFileReference; lastKnownFileType = sourcecode.swift; path = SettingsViewController.swift; sourceTree = "<group>"; };
		438EE49C2878C79000F5C178 /* MySubjectsViewController.swift */ = {isa = PBXFileReference; lastKnownFileType = sourcecode.swift; path = MySubjectsViewController.swift; sourceTree = "<group>"; };
		438EE49E287A181600F5C178 /* OnDayTableViewCell.swift */ = {isa = PBXFileReference; lastKnownFileType = sourcecode.swift; path = OnDayTableViewCell.swift; sourceTree = "<group>"; };
		438EE4B0287A2F9100F5C178 /* ModelTimeTable.swift */ = {isa = PBXFileReference; lastKnownFileType = sourcecode.swift; path = ModelTimeTable.swift; sourceTree = "<group>"; };
		438EE4B2287A2FB800F5C178 /* TimeTable.swift */ = {isa = PBXFileReference; lastKnownFileType = sourcecode.swift; path = TimeTable.swift; sourceTree = "<group>"; };
		439C5E1C287726D000E9A8CD /* WrongViewController.swift */ = {isa = PBXFileReference; lastKnownFileType = sourcecode.swift; path = WrongViewController.swift; sourceTree = "<group>"; };
		439C5E2028777CD700E9A8CD /* OnDayViewController.swift */ = {isa = PBXFileReference; lastKnownFileType = sourcecode.swift; path = OnDayViewController.swift; sourceTree = "<group>"; };
		439C5E2228777D4000E9A8CD /* OnWeekViewController.swift */ = {isa = PBXFileReference; lastKnownFileType = sourcecode.swift; path = OnWeekViewController.swift; sourceTree = "<group>"; };
		43E2C7F028758E34003FED52 /* TabBarViewController.swift */ = {isa = PBXFileReference; lastKnownFileType = sourcecode.swift; path = TabBarViewController.swift; sourceTree = "<group>"; };
/* End PBXFileReference section */

/* Begin PBXFrameworksBuildPhase section */
		436ADBE42874B7CE00D90062 /* Frameworks */ = {
			isa = PBXFrameworksBuildPhase;
			buildActionMask = 2147483647;
			files = (
			);
			runOnlyForDeploymentPostprocessing = 0;
		};
/* End PBXFrameworksBuildPhase section */

/* Begin PBXGroup section */
		432D0735287ACD4800A5C898 /* ViewControllers */ = {
			isa = PBXGroup;
			children = (
				436ADC022874B8D700D90062 /* StudyViewController.swift */,
				438EE49C2878C79000F5C178 /* MySubjectsViewController.swift */,
			);
			path = ViewControllers;
			sourceTree = "<group>";
		};
		432D0737287ACD6E00A5C898 /* Cells */ = {
			isa = PBXGroup;
			children = (
				432D0739287ACDA900A5C898 /* MySubjectsTableViewCell.swift */,
			);
			path = Cells;
			sourceTree = "<group>";
		};
		432D0738287ACD8900A5C898 /* Sources */ = {
			isa = PBXGroup;
			children = (
				432D073B287ACE0500A5C898 /* MySubjects.swift */,
				432D073D287ACE2B00A5C898 /* ModelMySubjects.swift */,
			);
			path = Sources;
			sourceTree = "<group>";
		};
		432D073F287AF45F00A5C898 /* ViewControllers */ = {
			isa = PBXGroup;
			children = (
				436ADC062874B91A00D90062 /* HelpViewController.swift */,
				432D074A287AF58700A5C898 /* MyGroupViewController.swift */,
				432D074C287AF59700A5C898 /* LeadersViewController.swift */,
			);
			path = ViewControllers;
			sourceTree = "<group>";
		};
		432D0740287AF48400A5C898 /* Cells */ = {
			isa = PBXGroup;
			children = (
				432D0754287AFA1500A5C898 /* MyGroupTableViewCell.swift */,
				432D0757287AFA3300A5C898 /* LeadersTableViewCell.swift */,
			);
			path = Cells;
			sourceTree = "<group>";
		};
		432D0741287AF49400A5C898 /* Sources */ = {
			isa = PBXGroup;
			children = (
				432D0746287AF4D800A5C898 /* Help.swift */,
				432D0748287AF4F300A5C898 /* ModelHelp.swift */,
			);
			path = Sources;
			sourceTree = "<group>";
		};
		432D0759287B280C00A5C898 /* ViewControllers */ = {
			isa = PBXGroup;
			children = (
				436ADC042874B90500D90062 /* ActivitiesViewController.swift */,
				432D075C287B2BED00A5C898 /* RatingViewController.swift */,
				432D075E287B2E6E00A5C898 /* ItisRequestViewController.swift */,
			);
			path = ViewControllers;
			sourceTree = "<group>";
		};
		432D075A287B281F00A5C898 /* Cells */ = {
			isa = PBXGroup;
			children = (
				432D076A287B35ED00A5C898 /* RatingTableViewCell.swift */,
			);
			path = Cells;
			sourceTree = "<group>";
		};
		432D075B287B2B9B00A5C898 /* Sources */ = {
			isa = PBXGroup;
			children = (
				432D076C287B3BB300A5C898 /* Rating.swift */,
				432D076E287B3BD100A5C898 /* ModelRating.swift */,
			);
			path = Sources;
			sourceTree = "<group>";
		};
		436ADBDE2874B7CE00D90062 = {
			isa = PBXGroup;
			children = (
				436ADBE92874B7CE00D90062 /* ITISHelper */,
				436ADBE82874B7CE00D90062 /* Products */,
			);
			sourceTree = "<group>";
		};
		436ADBE82874B7CE00D90062 /* Products */ = {
			isa = PBXGroup;
			children = (
				436ADBE72874B7CE00D90062 /* ITISHelper.app */,
			);
			name = Products;
			sourceTree = "<group>";
		};
		436ADBE92874B7CE00D90062 /* ITISHelper */ = {
			isa = PBXGroup;
			children = (
				436ADBF02874B7CE00D90062 /* Main.storyboard */,
				436ADBF32874B7CF00D90062 /* Assets.xcassets */,
				43E2C7F028758E34003FED52 /* TabBarViewController.swift */,
				438EE4A2287A1F6F00F5C178 /* Authorization */,
				438EE4A3287A1F8500F5C178 /* TimeTable */,
				438EE4A4287A1FA400F5C178 /* Study */,
				438EE4A5287A1FBA00F5C178 /* Activities */,
				438EE4A6287A1FD100F5C178 /* Help */,
				438EE4A7287A1FE000F5C178 /* Settings */,
				438EE4A1287A1F5300F5C178 /* Sources */,
				436ADBEA2874B7CE00D90062 /* AppDelegate.swift */,
				436ADBEC2874B7CE00D90062 /* SceneDelegate.swift */,
				436ADBF82874B7CF00D90062 /* Info.plist */,
				436ADBF52874B7CF00D90062 /* LaunchScreen.storyboard */,
			);
			path = ITISHelper;
			sourceTree = "<group>";
		};
		438EE4A1287A1F5300F5C178 /* Sources */ = {
			isa = PBXGroup;
			children = (
			);
			path = Sources;
			sourceTree = "<group>";
		};
		438EE4A2287A1F6F00F5C178 /* Authorization */ = {
			isa = PBXGroup;
			children = (
				438EE4A8287A211900F5C178 /* ViewControllers */,
			);
			path = Authorization;
			sourceTree = "<group>";
		};
		438EE4A3287A1F8500F5C178 /* TimeTable */ = {
			isa = PBXGroup;
			children = (
				438EE4A9287A212E00F5C178 /* ViewControllers */,
				438EE4AA287A214000F5C178 /* Cells */,
				438EE4AB287A216E00F5C178 /* Sources */,
			);
			path = TimeTable;
			sourceTree = "<group>";
		};
		438EE4A4287A1FA400F5C178 /* Study */ = {
			isa = PBXGroup;
			children = (
				432D0735287ACD4800A5C898 /* ViewControllers */,
				432D0737287ACD6E00A5C898 /* Cells */,
				432D0738287ACD8900A5C898 /* Sources */,
			);
			path = Study;
			sourceTree = "<group>";
		};
		438EE4A5287A1FBA00F5C178 /* Activities */ = {
			isa = PBXGroup;
			children = (
				432D0759287B280C00A5C898 /* ViewControllers */,
				432D075A287B281F00A5C898 /* Cells */,
				432D075B287B2B9B00A5C898 /* Sources */,
			);
			path = Activities;
			sourceTree = "<group>";
		};
		438EE4A6287A1FD100F5C178 /* Help */ = {
			isa = PBXGroup;
			children = (
				432D073F287AF45F00A5C898 /* ViewControllers */,
				432D0740287AF48400A5C898 /* Cells */,
				432D0741287AF49400A5C898 /* Sources */,
			);
			path = Help;
			sourceTree = "<group>";
		};
		438EE4A7287A1FE000F5C178 /* Settings */ = {
			isa = PBXGroup;
			children = (
				436ADC082874B93900D90062 /* SettingsViewController.swift */,
			);
			path = Settings;
			sourceTree = "<group>";
		};
		438EE4A8287A211900F5C178 /* ViewControllers */ = {
			isa = PBXGroup;
			children = (
				436ADBFE2874B80D00D90062 /* AuthorizationViewController.swift */,
				439C5E1C287726D000E9A8CD /* WrongViewController.swift */,
			);
			path = ViewControllers;
			sourceTree = "<group>";
		};
		438EE4A9287A212E00F5C178 /* ViewControllers */ = {
			isa = PBXGroup;
			children = (
				436ADC002874B83D00D90062 /* TimeTableViewController.swift */,
				439C5E2028777CD700E9A8CD /* OnDayViewController.swift */,
				439C5E2228777D4000E9A8CD /* OnWeekViewController.swift */,
			);
			path = ViewControllers;
			sourceTree = "<group>";
		};
		438EE4AA287A214000F5C178 /* Cells */ = {
			isa = PBXGroup;
			children = (
				438EE49E287A181600F5C178 /* OnDayTableViewCell.swift */,
			);
			path = Cells;
			sourceTree = "<group>";
		};
		438EE4AB287A216E00F5C178 /* Sources */ = {
			isa = PBXGroup;
			children = (
				438EE4B2287A2FB800F5C178 /* TimeTable.swift */,
				438EE4B0287A2F9100F5C178 /* ModelTimeTable.swift */,
			);
			path = Sources;
			sourceTree = "<group>";
		};
/* End PBXGroup section */

/* Begin PBXNativeTarget section */
		436ADBE62874B7CE00D90062 /* ITISHelper */ = {
			isa = PBXNativeTarget;
			buildConfigurationList = 436ADBFB2874B7CF00D90062 /* Build configuration list for PBXNativeTarget "ITISHelper" */;
			buildPhases = (
				436ADBE32874B7CE00D90062 /* Sources */,
				436ADBE42874B7CE00D90062 /* Frameworks */,
				436ADBE52874B7CE00D90062 /* Resources */,
			);
			buildRules = (
			);
			dependencies = (
			);
			name = ITISHelper;
			productName = ITISHelper;
			productReference = 436ADBE72874B7CE00D90062 /* ITISHelper.app */;
			productType = "com.apple.product-type.application";
		};
/* End PBXNativeTarget section */

/* Begin PBXProject section */
		436ADBDF2874B7CE00D90062 /* Project object */ = {
			isa = PBXProject;
			attributes = {
				BuildIndependentTargetsInParallel = 1;
				LastSwiftUpdateCheck = 1340;
				LastUpgradeCheck = 1340;
				TargetAttributes = {
					436ADBE62874B7CE00D90062 = {
						CreatedOnToolsVersion = 13.4.1;
					};
				};
			};
			buildConfigurationList = 436ADBE22874B7CE00D90062 /* Build configuration list for PBXProject "ITISHelper" */;
			compatibilityVersion = "Xcode 13.0";
			developmentRegion = en;
			hasScannedForEncodings = 0;
			knownRegions = (
				en,
				Base,
			);
			mainGroup = 436ADBDE2874B7CE00D90062;
			productRefGroup = 436ADBE82874B7CE00D90062 /* Products */;
			projectDirPath = "";
			projectRoot = "";
			targets = (
				436ADBE62874B7CE00D90062 /* ITISHelper */,
			);
		};
/* End PBXProject section */

/* Begin PBXResourcesBuildPhase section */
		436ADBE52874B7CE00D90062 /* Resources */ = {
			isa = PBXResourcesBuildPhase;
			buildActionMask = 2147483647;
			files = (
				436ADBF72874B7CF00D90062 /* LaunchScreen.storyboard in Resources */,
				436ADBF42874B7CF00D90062 /* Assets.xcassets in Resources */,
				436ADBF22874B7CE00D90062 /* Main.storyboard in Resources */,
			);
			runOnlyForDeploymentPostprocessing = 0;
		};
/* End PBXResourcesBuildPhase section */

/* Begin PBXSourcesBuildPhase section */
		436ADBE32874B7CE00D90062 /* Sources */ = {
			isa = PBXSourcesBuildPhase;
			buildActionMask = 2147483647;
			files = (
				432D073E287ACE2B00A5C898 /* ModelMySubjects.swift in Sources */,
				432D076B287B35ED00A5C898 /* RatingTableViewCell.swift in Sources */,
				436ADC072874B91A00D90062 /* HelpViewController.swift in Sources */,
				432D075F287B2E6E00A5C898 /* ItisRequestViewController.swift in Sources */,
				438EE4B1287A2F9100F5C178 /* ModelTimeTable.swift in Sources */,
				432D0755287AFA1500A5C898 /* MyGroupTableViewCell.swift in Sources */,
				436ADC032874B8D700D90062 /* StudyViewController.swift in Sources */,
				436ADC052874B90500D90062 /* ActivitiesViewController.swift in Sources */,
				432D076F287B3BD100A5C898 /* ModelRating.swift in Sources */,
				432D073C287ACE0500A5C898 /* MySubjects.swift in Sources */,
				436ADBFF2874B80D00D90062 /* AuthorizationViewController.swift in Sources */,
				438EE49F287A181600F5C178 /* OnDayTableViewCell.swift in Sources */,
				432D0749287AF4F300A5C898 /* ModelHelp.swift in Sources */,
				432D076D287B3BB300A5C898 /* Rating.swift in Sources */,
				439C5E2128777CD700E9A8CD /* OnDayViewController.swift in Sources */,
				439C5E1D287726D000E9A8CD /* WrongViewController.swift in Sources */,
				43E2C7F128758E34003FED52 /* TabBarViewController.swift in Sources */,
				432D074B287AF58700A5C898 /* MyGroupViewController.swift in Sources */,
				438EE49D2878C79000F5C178 /* MySubjectsViewController.swift in Sources */,
				436ADBEB2874B7CE00D90062 /* AppDelegate.swift in Sources */,
				436ADC012874B83D00D90062 /* TimeTableViewController.swift in Sources */,
				432D075D287B2BED00A5C898 /* RatingViewController.swift in Sources */,
				432D0747287AF4D800A5C898 /* Help.swift in Sources */,
				432D073A287ACDA900A5C898 /* MySubjectsTableViewCell.swift in Sources */,
				439C5E2328777D4000E9A8CD /* OnWeekViewController.swift in Sources */,
				436ADBED2874B7CE00D90062 /* SceneDelegate.swift in Sources */,
				432D074D287AF59700A5C898 /* LeadersViewController.swift in Sources */,
				432D0758287AFA3300A5C898 /* LeadersTableViewCell.swift in Sources */,
				438EE4B3287A2FB800F5C178 /* TimeTable.swift in Sources */,
				436ADC092874B93900D90062 /* SettingsViewController.swift in Sources */,
			);
			runOnlyForDeploymentPostprocessing = 0;
		};
/* End PBXSourcesBuildPhase section */

/* Begin PBXVariantGroup section */
		436ADBF02874B7CE00D90062 /* Main.storyboard */ = {
			isa = PBXVariantGroup;
			children = (
				436ADBF12874B7CE00D90062 /* Base */,
			);
			name = Main.storyboard;
			sourceTree = "<group>";
		};
		436ADBF52874B7CF00D90062 /* LaunchScreen.storyboard */ = {
			isa = PBXVariantGroup;
			children = (
				436ADBF62874B7CF00D90062 /* Base */,
			);
			name = LaunchScreen.storyboard;
			sourceTree = "<group>";
		};
/* End PBXVariantGroup section */

/* Begin XCBuildConfiguration section */
		436ADBF92874B7CF00D90062 /* Debug */ = {
			isa = XCBuildConfiguration;
			buildSettings = {
				ALWAYS_SEARCH_USER_PATHS = NO;
				CLANG_ANALYZER_NONNULL = YES;
				CLANG_ANALYZER_NUMBER_OBJECT_CONVERSION = YES_AGGRESSIVE;
				CLANG_CXX_LANGUAGE_STANDARD = "gnu++17";
				CLANG_ENABLE_MODULES = YES;
				CLANG_ENABLE_OBJC_ARC = YES;
				CLANG_ENABLE_OBJC_WEAK = YES;
				CLANG_WARN_BLOCK_CAPTURE_AUTORELEASING = YES;
				CLANG_WARN_BOOL_CONVERSION = YES;
				CLANG_WARN_COMMA = YES;
				CLANG_WARN_CONSTANT_CONVERSION = YES;
				CLANG_WARN_DEPRECATED_OBJC_IMPLEMENTATIONS = YES;
				CLANG_WARN_DIRECT_OBJC_ISA_USAGE = YES_ERROR;
				CLANG_WARN_DOCUMENTATION_COMMENTS = YES;
				CLANG_WARN_EMPTY_BODY = YES;
				CLANG_WARN_ENUM_CONVERSION = YES;
				CLANG_WARN_INFINITE_RECURSION = YES;
				CLANG_WARN_INT_CONVERSION = YES;
				CLANG_WARN_NON_LITERAL_NULL_CONVERSION = YES;
				CLANG_WARN_OBJC_IMPLICIT_RETAIN_SELF = YES;
				CLANG_WARN_OBJC_LITERAL_CONVERSION = YES;
				CLANG_WARN_OBJC_ROOT_CLASS = YES_ERROR;
				CLANG_WARN_QUOTED_INCLUDE_IN_FRAMEWORK_HEADER = YES;
				CLANG_WARN_RANGE_LOOP_ANALYSIS = YES;
				CLANG_WARN_STRICT_PROTOTYPES = YES;
				CLANG_WARN_SUSPICIOUS_MOVE = YES;
				CLANG_WARN_UNGUARDED_AVAILABILITY = YES_AGGRESSIVE;
				CLANG_WARN_UNREACHABLE_CODE = YES;
				CLANG_WARN__DUPLICATE_METHOD_MATCH = YES;
				COPY_PHASE_STRIP = NO;
				DEBUG_INFORMATION_FORMAT = dwarf;
				ENABLE_STRICT_OBJC_MSGSEND = YES;
				ENABLE_TESTABILITY = YES;
				GCC_C_LANGUAGE_STANDARD = gnu11;
				GCC_DYNAMIC_NO_PIC = NO;
				GCC_NO_COMMON_BLOCKS = YES;
				GCC_OPTIMIZATION_LEVEL = 0;
				GCC_PREPROCESSOR_DEFINITIONS = (
					"DEBUG=1",
					"$(inherited)",
				);
				GCC_WARN_64_TO_32_BIT_CONVERSION = YES;
				GCC_WARN_ABOUT_RETURN_TYPE = YES_ERROR;
				GCC_WARN_UNDECLARED_SELECTOR = YES;
				GCC_WARN_UNINITIALIZED_AUTOS = YES_AGGRESSIVE;
				GCC_WARN_UNUSED_FUNCTION = YES;
				GCC_WARN_UNUSED_VARIABLE = YES;
				IPHONEOS_DEPLOYMENT_TARGET = 15.5;
				MTL_ENABLE_DEBUG_INFO = INCLUDE_SOURCE;
				MTL_FAST_MATH = YES;
				ONLY_ACTIVE_ARCH = YES;
				SDKROOT = iphoneos;
				SWIFT_ACTIVE_COMPILATION_CONDITIONS = DEBUG;
				SWIFT_OPTIMIZATION_LEVEL = "-Onone";
			};
			name = Debug;
		};
		436ADBFA2874B7CF00D90062 /* Release */ = {
			isa = XCBuildConfiguration;
			buildSettings = {
				ALWAYS_SEARCH_USER_PATHS = NO;
				CLANG_ANALYZER_NONNULL = YES;
				CLANG_ANALYZER_NUMBER_OBJECT_CONVERSION = YES_AGGRESSIVE;
				CLANG_CXX_LANGUAGE_STANDARD = "gnu++17";
				CLANG_ENABLE_MODULES = YES;
				CLANG_ENABLE_OBJC_ARC = YES;
				CLANG_ENABLE_OBJC_WEAK = YES;
				CLANG_WARN_BLOCK_CAPTURE_AUTORELEASING = YES;
				CLANG_WARN_BOOL_CONVERSION = YES;
				CLANG_WARN_COMMA = YES;
				CLANG_WARN_CONSTANT_CONVERSION = YES;
				CLANG_WARN_DEPRECATED_OBJC_IMPLEMENTATIONS = YES;
				CLANG_WARN_DIRECT_OBJC_ISA_USAGE = YES_ERROR;
				CLANG_WARN_DOCUMENTATION_COMMENTS = YES;
				CLANG_WARN_EMPTY_BODY = YES;
				CLANG_WARN_ENUM_CONVERSION = YES;
				CLANG_WARN_INFINITE_RECURSION = YES;
				CLANG_WARN_INT_CONVERSION = YES;
				CLANG_WARN_NON_LITERAL_NULL_CONVERSION = YES;
				CLANG_WARN_OBJC_IMPLICIT_RETAIN_SELF = YES;
				CLANG_WARN_OBJC_LITERAL_CONVERSION = YES;
				CLANG_WARN_OBJC_ROOT_CLASS = YES_ERROR;
				CLANG_WARN_QUOTED_INCLUDE_IN_FRAMEWORK_HEADER = YES;
				CLANG_WARN_RANGE_LOOP_ANALYSIS = YES;
				CLANG_WARN_STRICT_PROTOTYPES = YES;
				CLANG_WARN_SUSPICIOUS_MOVE = YES;
				CLANG_WARN_UNGUARDED_AVAILABILITY = YES_AGGRESSIVE;
				CLANG_WARN_UNREACHABLE_CODE = YES;
				CLANG_WARN__DUPLICATE_METHOD_MATCH = YES;
				COPY_PHASE_STRIP = NO;
				DEBUG_INFORMATION_FORMAT = "dwarf-with-dsym";
				ENABLE_NS_ASSERTIONS = NO;
				ENABLE_STRICT_OBJC_MSGSEND = YES;
				GCC_C_LANGUAGE_STANDARD = gnu11;
				GCC_NO_COMMON_BLOCKS = YES;
				GCC_WARN_64_TO_32_BIT_CONVERSION = YES;
				GCC_WARN_ABOUT_RETURN_TYPE = YES_ERROR;
				GCC_WARN_UNDECLARED_SELECTOR = YES;
				GCC_WARN_UNINITIALIZED_AUTOS = YES_AGGRESSIVE;
				GCC_WARN_UNUSED_FUNCTION = YES;
				GCC_WARN_UNUSED_VARIABLE = YES;
				IPHONEOS_DEPLOYMENT_TARGET = 15.5;
				MTL_ENABLE_DEBUG_INFO = NO;
				MTL_FAST_MATH = YES;
				SDKROOT = iphoneos;
				SWIFT_COMPILATION_MODE = wholemodule;
				SWIFT_OPTIMIZATION_LEVEL = "-O";
				VALIDATE_PRODUCT = YES;
			};
			name = Release;
		};
		436ADBFC2874B7CF00D90062 /* Debug */ = {
			isa = XCBuildConfiguration;
			buildSettings = {
				ASSETCATALOG_COMPILER_APPICON_NAME = AppIcon;
				ASSETCATALOG_COMPILER_GLOBAL_ACCENT_COLOR_NAME = AccentColor;
				CODE_SIGN_IDENTITY = "Apple Development";
				CODE_SIGN_STYLE = Automatic;
				CURRENT_PROJECT_VERSION = 1;
				DEVELOPMENT_TEAM = 72SVK4HY2X;
				GENERATE_INFOPLIST_FILE = YES;
				INFOPLIST_FILE = ITISHelper/Info.plist;
				INFOPLIST_KEY_CFBundleDisplayName = Helper;
				INFOPLIST_KEY_UIApplicationSupportsIndirectInputEvents = YES;
				INFOPLIST_KEY_UILaunchStoryboardName = LaunchScreen;
				INFOPLIST_KEY_UIMainStoryboardFile = Main;
				INFOPLIST_KEY_UISupportedInterfaceOrientations_iPad = "UIInterfaceOrientationPortrait UIInterfaceOrientationPortraitUpsideDown UIInterfaceOrientationLandscapeLeft UIInterfaceOrientationLandscapeRight";
				INFOPLIST_KEY_UISupportedInterfaceOrientations_iPhone = "UIInterfaceOrientationPortrait UIInterfaceOrientationLandscapeLeft UIInterfaceOrientationLandscapeRight";
				IPHONEOS_DEPLOYMENT_TARGET = 15.5;
				LD_RUNPATH_SEARCH_PATHS = (
					"$(inherited)",
					"@executable_path/Frameworks",
				);
				MARKETING_VERSION = 1.0;
				PRODUCT_BUNDLE_IDENTIFIER = com.zedsfeat.ITISHelper;
				PRODUCT_NAME = "$(TARGET_NAME)";
				PROVISIONING_PROFILE_SPECIFIER = "";
				SWIFT_EMIT_LOC_STRINGS = YES;
				SWIFT_VERSION = 5.0;
				TARGETED_DEVICE_FAMILY = "1,2";
			};
			name = Debug;
		};
		436ADBFD2874B7CF00D90062 /* Release */ = {
			isa = XCBuildConfiguration;
			buildSettings = {
				ASSETCATALOG_COMPILER_APPICON_NAME = AppIcon;
				ASSETCATALOG_COMPILER_GLOBAL_ACCENT_COLOR_NAME = AccentColor;
				CODE_SIGN_IDENTITY = "Apple Development";
				CODE_SIGN_STYLE = Automatic;
				CURRENT_PROJECT_VERSION = 1;
				DEVELOPMENT_TEAM = 72SVK4HY2X;
				GENERATE_INFOPLIST_FILE = YES;
				INFOPLIST_FILE = ITISHelper/Info.plist;
				INFOPLIST_KEY_CFBundleDisplayName = Helper;
				INFOPLIST_KEY_UIApplicationSupportsIndirectInputEvents = YES;
				INFOPLIST_KEY_UILaunchStoryboardName = LaunchScreen;
				INFOPLIST_KEY_UIMainStoryboardFile = Main;
				INFOPLIST_KEY_UISupportedInterfaceOrientations_iPad = "UIInterfaceOrientationPortrait UIInterfaceOrientationPortraitUpsideDown UIInterfaceOrientationLandscapeLeft UIInterfaceOrientationLandscapeRight";
				INFOPLIST_KEY_UISupportedInterfaceOrientations_iPhone = "UIInterfaceOrientationPortrait UIInterfaceOrientationLandscapeLeft UIInterfaceOrientationLandscapeRight";
				IPHONEOS_DEPLOYMENT_TARGET = 15.5;
				LD_RUNPATH_SEARCH_PATHS = (
					"$(inherited)",
					"@executable_path/Frameworks",
				);
				MARKETING_VERSION = 1.0;
				PRODUCT_BUNDLE_IDENTIFIER = com.zedsfeat.ITISHelper;
				PRODUCT_NAME = "$(TARGET_NAME)";
				PROVISIONING_PROFILE_SPECIFIER = "";
				SWIFT_EMIT_LOC_STRINGS = YES;
				SWIFT_VERSION = 5.0;
				TARGETED_DEVICE_FAMILY = "1,2";
			};
			name = Release;
		};
/* End XCBuildConfiguration section */

/* Begin XCConfigurationList section */
		436ADBE22874B7CE00D90062 /* Build configuration list for PBXProject "ITISHelper" */ = {
			isa = XCConfigurationList;
			buildConfigurations = (
				436ADBF92874B7CF00D90062 /* Debug */,
				436ADBFA2874B7CF00D90062 /* Release */,
			);
			defaultConfigurationIsVisible = 0;
			defaultConfigurationName = Release;
		};
		436ADBFB2874B7CF00D90062 /* Build configuration list for PBXNativeTarget "ITISHelper" */ = {
			isa = XCConfigurationList;
			buildConfigurations = (
				436ADBFC2874B7CF00D90062 /* Debug */,
				436ADBFD2874B7CF00D90062 /* Release */,
			);
			defaultConfigurationIsVisible = 0;
			defaultConfigurationName = Release;
		};
/* End XCConfigurationList section */
	};
	rootObject = 436ADBDF2874B7CE00D90062 /* Project object */;
}
